# This file is autogenerated, do not edit; changes may be undone by the next 'dep ensure'.


[[projects]]
  name = "github.com/armon/go-radix"
  packages = ["."]
  revision = "1a2de0c21c94309923825da3df33a4381872c795"
  version = "v1.0.0"

[[projects]]
  branch = "master"
  name = "github.com/elastic/go-sysinfo"
  packages = [".","internal/registry","providers/darwin","providers/linux","providers/shared","providers/windows","types"]
  revision = "77ef9c6e57ee101f346fbe70b5e9026ccf51f2fe"

[[projects]]
  branch = "master"
  name = "github.com/elastic/go-windows"
  packages = ["."]
  revision = "bb1581babc04d5cb29a2bfa7a9ac6781c730c8dd"

[[projects]]
  branch = "master"
  name = "github.com/gin-contrib/sse"
  packages = ["."]
  revision = "5545eab6dad3bbbd6c5ae9186383c2a9d23c0dae"

[[projects]]
  name = "github.com/gin-gonic/gin"
  packages = [".","binding","json","render"]
  revision = "b869fe1415e4b9eb52f247441830d502aece2d4d"
  version = "v1.3.0"

[[projects]]
  name = "github.com/golang/protobuf"
  packages = ["proto"]
  revision = "b5d812f8a3706043e23a9cd5babf2e5423744d30"
  version = "v1.3.1"

[[projects]]
  branch = "master"
  name = "github.com/joeshaw/multierror"
  packages = ["."]
  revision = "69b34d4ec901851247ae7e77d33909caf9df99ed"

[[projects]]
  name = "github.com/json-iterator/go"
  packages = ["."]
  revision = "0ff49de124c6f76f8494e194af75bde0f1a49a29"
  version = "v1.1.6"

[[projects]]
  name = "github.com/mattn/go-isatty"
  packages = ["."]
  revision = "c2a7a6ca930a4cd0bc33a3f298eb71960732a3a7"
  version = "v0.0.7"

[[projects]]
  name = "github.com/modern-go/concurrent"
  packages = ["."]
  revision = "bacd9c7ef1dd9b15be4a9909b8ac7a4e313eec94"
  version = "1.0.3"

[[projects]]
  name = "github.com/modern-go/reflect2"
  packages = ["."]
  revision = "4b7aa43c6742a2c18fdef89dd197aaae7dac7ccd"
  version = "1.0.1"

[[projects]]
  name = "github.com/pkg/errors"
  packages = ["."]
  revision = "ba968bfe8b2f7e042a574c888954fccecfa385b4"
  version = "v0.8.1"

[[projects]]
  branch = "master"
  name = "github.com/prometheus/procfs"
  packages = ["."]
  revision = "ea9eea63887261e4d8ed8315f4078e88d540c725"

[[projects]]
  name = "github.com/santhosh-tekuri/jsonschema"
  packages = [".","decoders","formats","loader","mediatypes"]
  revision = "534765aa6277d702a0aaf99c986492dda697d48f"
  version = "v1.2.4"

[[projects]]
  name = "github.com/ugorji/go"
  packages = ["codec"]
  revision = "2adff0894ba3bc2eeb9f9aea45fefd49802e1a13"
  version = "v1.1.4"

[[projects]]
  name = "go.elastic.co/apm"
  packages = [".","internal/apmconfig","internal/apmcontext","internal/apmhostutil","internal/apmhttputil","internal/apmlog","internal/apmschema","internal/apmstrings","internal/iochan","internal/pkgerrorsutil","internal/ringbuffer","internal/wildcard","model","module/apmhttp","stacktrace","transport"]
  revision = "392aef3d73e277e8e82bb285e98516675130d84f"
  version = "v1.3.0"

[[projects]]
  name = "go.elastic.co/fastjson"
  packages = ["."]
  revision = "676cec79bd027a8a4618de0991f27cfe632978f1"
  version = "v1.0.0"

[[projects]]
  branch = "master"
  name = "golang.org/x/sys"
  packages = ["unix","windows","windows/registry"]
  revision = "4b34438f7a67ee5f45cc6132e2bad873a20324e9"

[[projects]]
  name = "gopkg.in/go-playground/validator.v8"
  packages = ["."]
  revision = "5f1438d3fca68893a817e4a66806cea46a9e4ebf"
  version = "v8.18.2"

[[projects]]
  name = "gopkg.in/yaml.v2"
  packages = ["."]
  revision = "51d6538a90f86fe93ac480b35f37b2be17fef232"
  version = "v2.2.2"

[[projects]]
  branch = "master"
  name = "howett.net/plist"
  packages = ["."]
  revision = "591f970eefbbeb04d7b37f334a0c4c3256e32876"

[solve-meta]
  analyzer-name = "dep"
  analyzer-version = 1
  inputs-digest = "824d0b7364a222c53f92bfa38b0a90eca1c1b9168507930bc5ab3abe2d3aa305"
  solver-name = "gps-cdcl"
  solver-version = 1
